<Solution>
  <Folder Name="/Solution/">
    <File Path=".editorconfig" />
    <File Path="readme.md" />
  </Folder>
  <Project Path="src/Shiny.Spatial/Shiny.Spatial.csproj" />
  <Project Path="tests/Shiny.Spatial.Tests/Shiny.Spatial.Tests.csproj" />
  <Project Path="tests/Shiny.Spatial.Benchmarks/Shiny.Spatial.Benchmarks.csproj" />
  <Project Path="tools/Shiny.Spatial.DatabaseSeeder/Shiny.Spatial.DatabaseSeeder.csproj" />
</Solution>
