<Solution>
    <Folder Name="/Solution/">
        <File Path=".editorconfig" />
        <File Path=".github\workflows\build.yml" />
        <File Path="build.slnf" />
        <File Path="Directory.build.props" />
        <File Path="Directory.packages.props" />
        <File Path="global.json" />
        <File Path="LICENSE" />
        <File Path="nuget.config" />
        <File Path="nuget.txt" />
        <File Path="readme.md" />
        <File Path="SKILLS\shiny-spatial\SKILL.md" />
        <File Path="version.json" />
    </Folder>
  <Project Path="src/Shiny.Spatial/Shiny.Spatial.csproj" />
  <Project Path="tests/Shiny.Spatial.Tests/Shiny.Spatial.Tests.csproj" />
    <Project Path="src\Shiny.Spatial.Geofencing\Shiny.Spatial.Geofencing.csproj" />
  <Project Path="tests/Shiny.Spatial.Geofencing.Tests/Shiny.Spatial.Geofencing.Tests.csproj" />
  <Project Path="tests/Shiny.Spatial.Benchmarks/Shiny.Spatial.Benchmarks.csproj" />
  <Project Path="tools/Shiny.Spatial.DatabaseSeeder/Shiny.Spatial.DatabaseSeeder.csproj" />
    <Folder Name="/Solution/databases/">
        <File Path="databases\ca-cities.db" />
        <File Path="databases\ca-provinces.db" />
        <File Path="databases\us-cities.db" />
        <File Path="databases\us-states.db" />
    </Folder>
  <Project Path="samples/Sample.Maui/Sample.Maui.csproj" />
</Solution>
